
Microsoft Visual Studio Solution File, Format Version 12.00
# Visual Studio Version 17
VisualStudioVersion = 17.14.36429.23 d17.14
MinimumVisualStudioVersion = 10.0.40219.1
Project("{FAE04EC0-301F-11D3-BF4B-00C04F79EFBC}") = "WSChat.Shared", "WSChat.Shared\WSChat.Shared.csproj", "{65A70833-02EB-4B31-8470-6E5BD8253F28}"
EndProject
Global
	GlobalSection(SolutionConfigurationPlatforms) = preSolution
		Debug|Any CPU = Debug|Any CPU
		Release|Any CPU = Release|Any CPU
	EndGlobalSection
	GlobalSection(ProjectConfigurationPlatforms) = postSolution
		{65A70833-02EB-4B31-8470-6E5BD8253F28}.Debug|Any CPU.ActiveCfg = Debug|Any CPU
		{65A70833-02EB-4B31-8470-6E5BD8253F28}.Debug|Any CPU.Build.0 = Debug|Any CPU
		{65A70833-02EB-4B31-8470-6E5BD8253F28}.Release|Any CPU.ActiveCfg = Release|Any CPU
		{65A70833-02EB-4B31-8470-6E5BD8253F28}.Release|Any CPU.Build.0 = Release|Any CPU
	EndGlobalSection
	GlobalSection(SolutionProperties) = preSolution
		HideSolutionNode = FALSE
	EndGlobalSection
	GlobalSection(ExtensibilityGlobals) = postSolution
		SolutionGuid = {E20F9E7F-C473-4D0E-941D-EE6B17F020A6}
	EndGlobalSection
EndGlobal
